
Microsoft Visual Studio Solution File, Format Version 12.00
# Visual Studio Version 16
VisualStudioVersion = 16.0.30717.126
MinimumVisualStudioVersion = 10.0.40219.1
Project("{FAE04EC0-301F-11D3-BF4B-00C04F79EFBC}") = "InchesToCentimeters_2_3", "InchesToCentimeters_2_3\InchesToCentimeters_2_3.csproj", "{A2ACCF19-5DD3-4B09-BBF7-A798F4A35A18}"
EndProject
Global
	GlobalSection(SolutionConfigurationPlatforms) = preSolution
		Debug|Any CPU = Debug|Any CPU
		Release|Any CPU = Release|Any CPU
	EndGlobalSection
	GlobalSection(ProjectConfigurationPlatforms) = postSolution
		{A2ACCF19-5DD3-4B09-BBF7-A798F4A35A18}.Debug|Any CPU.ActiveCfg = Debug|Any CPU
		{A2ACCF19-5DD3-4B09-BBF7-A798F4A35A18}.Debug|Any CPU.Build.0 = Debug|Any CPU
		{A2ACCF19-5DD3-4B09-BBF7-A798F4A35A18}.Release|Any CPU.ActiveCfg = Release|Any CPU
		{A2ACCF19-5DD3-4B09-BBF7-A798F4A35A18}.Release|Any CPU.Build.0 = Release|Any CPU
	EndGlobalSection
	GlobalSection(SolutionProperties) = preSolution
		HideSolutionNode = FALSE
	EndGlobalSection
	GlobalSection(ExtensibilityGlobals) = postSolution
		SolutionGuid = {8ECC8782-9E09-4E3F-B9FB-7186F574E35D}
	EndGlobalSection
EndGlobal
